github.com/bep/galleriesdeluxe v0.7.0 h1:bjzMf+hVr6own3/xJzD8ynuz2rH2bfvxwPyWa4phzXc=
github.com/bep/galleriesdeluxe v0.7.0/go.mod h1:L+D3Q2MTf0BXUdfcMDW+7zdTrCeef+bhXZ3E0yLWpiM=
github.com/bep/gallerydeluxe v0.15.0 h1:3ixBVbQ3HTFe4Z6lL/A0ynlPMOqrko8qCERmexEU/W8=
github.com/bep/gallerydeluxe v0.15.0/go.mod h1:sUfRcjREo6DwxPo0sMp0TAxNZiGreOY6DY2dWGpSeR8=
github.com/bep/hugo-mod-misc/common-partials v0.1.0 h1:SiGnrf9MW1aFczXpXPTDpsGr3SvimIaBXMpZucPxT+g=
github.com/bep/hugo-mod-misc/common-partials v0.1.0/go.mod h1:lw2586uqPfye9yTYgSyvZwU3dfpZcjDXmIOJeR4D6O0=
